
Microsoft Visual Studio Solution File, Format Version 12.00
# Visual Studio Version 17
VisualStudioVersion = 17.8.34525.116
MinimumVisualStudioVersion = 10.0.40219.1
Project("{FAE04EC0-301F-11D3-BF4B-00C04F79EFBC}") = "CodingWiki_web", "CodingWiki_web\CodingWiki_web.csproj", "{AD7691E1-45DE-42E2-9FFF-9A65DBADEFBD}"
EndProject
Project("{FAE04EC0-301F-11D3-BF4B-00C04F79EFBC}") = "CodingWiki_DataAcess", "CodingWiki_DataAcess\CodingWiki_DataAcess.csproj", "{72D27BF7-DAEA-4DC3-98B1-13B1462FDE01}"
EndProject
Project("{FAE04EC0-301F-11D3-BF4B-00C04F79EFBC}") = "CodingWiki_Model", "CodingWiki_Model\CodingWiki_Model.csproj", "{3F1CC91A-BA54-42A2-8476-8AC43E680264}"
EndProject
Project("{FAE04EC0-301F-11D3-BF4B-00C04F79EFBC}") = "CodingWiki_Console", "CodingWiki_Console\CodingWiki_Console.csproj", "{20EF0E10-4044-4409-91EE-9E43DF0D639A}"
EndProject
Global
	GlobalSection(SolutionConfigurationPlatforms) = preSolution
		Debug|Any CPU = Debug|Any CPU
		Release|Any CPU = Release|Any CPU
	EndGlobalSection
	GlobalSection(ProjectConfigurationPlatforms) = postSolution
		{AD7691E1-45DE-42E2-9FFF-9A65DBADEFBD}.Debug|Any CPU.ActiveCfg = Debug|Any CPU
		{AD7691E1-45DE-42E2-9FFF-9A65DBADEFBD}.Debug|Any CPU.Build.0 = Debug|Any CPU
		{AD7691E1-45DE-42E2-9FFF-9A65DBADEFBD}.Release|Any CPU.ActiveCfg = Release|Any CPU
		{AD7691E1-45DE-42E2-9FFF-9A65DBADEFBD}.Release|Any CPU.Build.0 = Release|Any CPU
		{72D27BF7-DAEA-4DC3-98B1-13B1462FDE01}.Debug|Any CPU.ActiveCfg = Debug|Any CPU
		{72D27BF7-DAEA-4DC3-98B1-13B1462FDE01}.Debug|Any CPU.Build.0 = Debug|Any CPU
		{72D27BF7-DAEA-4DC3-98B1-13B1462FDE01}.Release|Any CPU.ActiveCfg = Release|Any CPU
		{72D27BF7-DAEA-4DC3-98B1-13B1462FDE01}.Release|Any CPU.Build.0 = Release|Any CPU
		{3F1CC91A-BA54-42A2-8476-8AC43E680264}.Debug|Any CPU.ActiveCfg = Debug|Any CPU
		{3F1CC91A-BA54-42A2-8476-8AC43E680264}.Debug|Any CPU.Build.0 = Debug|Any CPU
		{3F1CC91A-BA54-42A2-8476-8AC43E680264}.Release|Any CPU.ActiveCfg = Release|Any CPU
		{3F1CC91A-BA54-42A2-8476-8AC43E680264}.Release|Any CPU.Build.0 = Release|Any CPU
		{20EF0E10-4044-4409-91EE-9E43DF0D639A}.Debug|Any CPU.ActiveCfg = Debug|Any CPU
		{20EF0E10-4044-4409-91EE-9E43DF0D639A}.Debug|Any CPU.Build.0 = Debug|Any CPU
		{20EF0E10-4044-4409-91EE-9E43DF0D639A}.Release|Any CPU.ActiveCfg = Release|Any CPU
		{20EF0E10-4044-4409-91EE-9E43DF0D639A}.Release|Any CPU.Build.0 = Release|Any CPU
	EndGlobalSection
	GlobalSection(SolutionProperties) = preSolution
		HideSolutionNode = FALSE
	EndGlobalSection
	GlobalSection(ExtensibilityGlobals) = postSolution
		SolutionGuid = {5B2E39AA-BCE3-4640-8B3F-3B81CB02A2F0}
	EndGlobalSection
EndGlobal
